
Microsoft Visual Studio Solution File, Format Version 12.00
# Visual Studio Version 16
VisualStudioVersion = 16.0.30413.136
MinimumVisualStudioVersion = 10.0.40219.1
Project("{9A19103F-16F7-4668-BE54-9A1E7A4F7556}") = "Spotify.NetStandard.Sdk", "Spotify.NetStandard.Sdk\Spotify.NetStandard.Sdk.csproj", "{9C76C747-7C70-44EA-B389-B8048BA4017A}"
EndProject
Project("{FAE04EC0-301F-11D3-BF4B-00C04F79EFBC}") = "Spotify.NetStandard.Sdk.Test", "Spotify.NetStandard.Sdk.Test\Spotify.NetStandard.Sdk.Test.csproj", "{2717878D-D8FB-4528-97CF-77C15C5782C3}"
EndProject
Global
	GlobalSection(SolutionConfigurationPlatforms) = preSolution
		Debug|Any CPU = Debug|Any CPU
		Release|Any CPU = Release|Any CPU
	EndGlobalSection
	GlobalSection(ProjectConfigurationPlatforms) = postSolution
		{9C76C747-7C70-44EA-B389-B8048BA4017A}.Debug|Any CPU.ActiveCfg = Debug|Any CPU
		{9C76C747-7C70-44EA-B389-B8048BA4017A}.Debug|Any CPU.Build.0 = Debug|Any CPU
		{9C76C747-7C70-44EA-B389-B8048BA4017A}.Release|Any CPU.ActiveCfg = Release|Any CPU
		{9C76C747-7C70-44EA-B389-B8048BA4017A}.Release|Any CPU.Build.0 = Release|Any CPU
		{2717878D-D8FB-4528-97CF-77C15C5782C3}.Debug|Any CPU.ActiveCfg = Debug|Any CPU
		{2717878D-D8FB-4528-97CF-77C15C5782C3}.Debug|Any CPU.Build.0 = Debug|Any CPU
		{2717878D-D8FB-4528-97CF-77C15C5782C3}.Release|Any CPU.ActiveCfg = Release|Any CPU
		{2717878D-D8FB-4528-97CF-77C15C5782C3}.Release|Any CPU.Build.0 = Release|Any CPU
	EndGlobalSection
	GlobalSection(SolutionProperties) = preSolution
		HideSolutionNode = FALSE
	EndGlobalSection
	GlobalSection(ExtensibilityGlobals) = postSolution
		SolutionGuid = {C919F310-113A-411F-B68E-EE83F9272CC2}
	EndGlobalSection
EndGlobal
